
Microsoft Visual Studio Solution File, Format Version 12.00
# Visual Studio Version 16
VisualStudioVersion = 16.0.31005.135
MinimumVisualStudioVersion = 10.0.40219.1
Project("{9A19103F-16F7-4668-BE54-9A1E7A4F7556}") = "CSharpKatas", "CSharpKatas\CSharpKatas.csproj", "{57644384-E21B-4D6C-948D-B807A40BA0D2}"
EndProject
Project("{9A19103F-16F7-4668-BE54-9A1E7A4F7556}") = "CSharpKatas.Tests", "CSharpKatas.Tests\CSharpKatas.Tests.csproj", "{A45E8A8E-6217-49E7-B379-88332C2D6F91}"
EndProject
Global
	GlobalSection(SolutionConfigurationPlatforms) = preSolution
		Debug|Any CPU = Debug|Any CPU
		Release|Any CPU = Release|Any CPU
	EndGlobalSection
	GlobalSection(ProjectConfigurationPlatforms) = postSolution
		{57644384-E21B-4D6C-948D-B807A40BA0D2}.Debug|Any CPU.ActiveCfg = Debug|Any CPU
		{57644384-E21B-4D6C-948D-B807A40BA0D2}.Debug|Any CPU.Build.0 = Debug|Any CPU
		{57644384-E21B-4D6C-948D-B807A40BA0D2}.Release|Any CPU.ActiveCfg = Release|Any CPU
		{57644384-E21B-4D6C-948D-B807A40BA0D2}.Release|Any CPU.Build.0 = Release|Any CPU
		{A45E8A8E-6217-49E7-B379-88332C2D6F91}.Debug|Any CPU.ActiveCfg = Debug|Any CPU
		{A45E8A8E-6217-49E7-B379-88332C2D6F91}.Debug|Any CPU.Build.0 = Debug|Any CPU
		{A45E8A8E-6217-49E7-B379-88332C2D6F91}.Release|Any CPU.ActiveCfg = Release|Any CPU
		{A45E8A8E-6217-49E7-B379-88332C2D6F91}.Release|Any CPU.Build.0 = Release|Any CPU
	EndGlobalSection
	GlobalSection(SolutionProperties) = preSolution
		HideSolutionNode = FALSE
	EndGlobalSection
	GlobalSection(ExtensibilityGlobals) = postSolution
		SolutionGuid = {CF742164-AEDE-4789-8DD9-CC845CDAEC20}
	EndGlobalSection
EndGlobal
